
Microsoft Visual Studio Solution File, Format Version 12.00
# Visual Studio Version 17
VisualStudioVersion = 17.11.35327.3
MinimumVisualStudioVersion = 10.0.40219.1
Project("{FAE04EC0-301F-11D3-BF4B-00C04F79EFBC}") = "Project_management", "Project_management.csproj", "{9A238F1D-0593-49F9-B806-15E54800EB1E}"
EndProject
Global
	GlobalSection(SolutionConfigurationPlatforms) = preSolution
		Debug|Any CPU = Debug|Any CPU
		Release|Any CPU = Release|Any CPU
	EndGlobalSection
	GlobalSection(ProjectConfigurationPlatforms) = postSolution
		{9A238F1D-0593-49F9-B806-15E54800EB1E}.Debug|Any CPU.ActiveCfg = Debug|Any CPU
		{9A238F1D-0593-49F9-B806-15E54800EB1E}.Debug|Any CPU.Build.0 = Debug|Any CPU
		{9A238F1D-0593-49F9-B806-15E54800EB1E}.Release|Any CPU.ActiveCfg = Release|Any CPU
		{9A238F1D-0593-49F9-B806-15E54800EB1E}.Release|Any CPU.Build.0 = Release|Any CPU
	EndGlobalSection
	GlobalSection(SolutionProperties) = preSolution
		HideSolutionNode = FALSE
	EndGlobalSection
	GlobalSection(ExtensibilityGlobals) = postSolution
		SolutionGuid = {2E02CB0B-CEA3-402E-9B7F-6A330F672B22}
	EndGlobalSection
EndGlobal
